
Microsoft Visual Studio Solution File, Format Version 12.00
# Visual Studio Version 17
VisualStudioVersion = 17.9.34607.119
MinimumVisualStudioVersion = 10.0.40219.1
Project("{8BC9CEB8-8B4A-11D0-8D11-00A0C91BC942}") = "LabWork2.3", "LabWork2.3\LabWork2.3.vcxproj", "{374B3267-D942-4D96-852F-FE7DFD6B0254}"
EndProject
Global
	GlobalSection(SolutionConfigurationPlatforms) = preSolution
		Debug|x64 = Debug|x64
		Debug|x86 = Debug|x86
		Release|x64 = Release|x64
		Release|x86 = Release|x86
	EndGlobalSection
	GlobalSection(ProjectConfigurationPlatforms) = postSolution
		{374B3267-D942-4D96-852F-FE7DFD6B0254}.Debug|x64.ActiveCfg = Debug|x64
		{374B3267-D942-4D96-852F-FE7DFD6B0254}.Debug|x64.Build.0 = Debug|x64
		{374B3267-D942-4D96-852F-FE7DFD6B0254}.Debug|x86.ActiveCfg = Debug|Win32
		{374B3267-D942-4D96-852F-FE7DFD6B0254}.Debug|x86.Build.0 = Debug|Win32
		{374B3267-D942-4D96-852F-FE7DFD6B0254}.Release|x64.ActiveCfg = Release|x64
		{374B3267-D942-4D96-852F-FE7DFD6B0254}.Release|x64.Build.0 = Release|x64
		{374B3267-D942-4D96-852F-FE7DFD6B0254}.Release|x86.ActiveCfg = Release|Win32
		{374B3267-D942-4D96-852F-FE7DFD6B0254}.Release|x86.Build.0 = Release|Win32
	EndGlobalSection
	GlobalSection(SolutionProperties) = preSolution
		HideSolutionNode = FALSE
	EndGlobalSection
	GlobalSection(ExtensibilityGlobals) = postSolution
		SolutionGuid = {941A86EF-D3FA-44A4-84E5-22A655FA328C}
	EndGlobalSection
EndGlobal
